# @generated by Move, please check-in and do not edit manually.

[move]
version = 2
manifest_digest = "CE643D7920F222B43D35BA5A756AE2841D9BE2812480168D081842E08133694E"
deps_digest = "F8BBB0CCB2491CA29A3DF03D6F92277A4F3574266507ACD77214D37ECA3F3082"
dependencies = [
  { name = "Sui" },
]

[[move.package]]
name = "MoveStdlib"
source = { git = "https://github.com/MystenLabs/sui.git", rev = "framework/testnet", subdir = "crates\\sui-framework\\packages\\move-stdlib" }

[[move.package]]
name = "Sui"
source = { git = "https://github.com/MystenLabs/sui.git", rev = "framework/testnet", subdir = "crates/sui-framework/packages/sui-framework" }

dependencies = [
  { name = "MoveStdlib" },
]

[move.toolchain-version]
compiler-version = "1.25.1"
edition = "2024.beta"
flavor = "sui"

[env]

[env.testnet]
chain-id = "4c78adac"
original-published-id = "0xee6cd854062873ef89ade7a0089c56651c6c7d1fb003a22b9e3e2d73e197c108"
latest-published-id = "0xee6cd854062873ef89ade7a0089c56651c6c7d1fb003a22b9e3e2d73e197c108"
published-version = "1"
