# @generated by Move, please check-in and do not edit manually.

[move]
version = 2
manifest_digest = "3782523B5A22EBF2C3F547ECCB882F948AD9EB514FFB6B1982EEE393A546CBC8"
deps_digest = "F8BBB0CCB2491CA29A3DF03D6F92277A4F3574266507ACD77214D37ECA3F3082"
dependencies = [
  { name = "Sui" },
]

[[move.package]]
name = "MoveStdlib"
source = { git = "https://github.com/MystenLabs/sui.git", rev = "framework/testnet", subdir = "crates\\sui-framework\\packages\\move-stdlib" }

[[move.package]]
name = "Sui"
source = { git = "https://github.com/MystenLabs/sui.git", rev = "framework/testnet", subdir = "crates/sui-framework/packages/sui-framework" }

dependencies = [
  { name = "MoveStdlib" },
]

[move.toolchain-version]
compiler-version = "1.27.2"
edition = "2024.beta"
flavor = "sui"

[env]

[env.testnet]
chain-id = "4c78adac"
original-published-id = "0xae6a61687e7a37c571e764c9416e1ecca7a8b4c82dd80afedb9e4a4860097262"
latest-published-id = "0xae6a61687e7a37c571e764c9416e1ecca7a8b4c82dd80afedb9e4a4860097262"
published-version = "1"
