# @generated by Move, please check-in and do not edit manually.

[move]
version = 2
manifest_digest = "86DAD3F7BCD8836F111B43BB6ECDC2B6C97BD545FB9E594E5360C87A170E298F"
deps_digest = "F8BBB0CCB2491CA29A3DF03D6F92277A4F3574266507ACD77214D37ECA3F3082"
dependencies = [
  { name = "Sui" },
]

[[move.package]]
name = "MoveStdlib"
source = { git = "https://github.com/MystenLabs/sui.git", rev = "framework/testnet", subdir = "crates\\sui-framework\\packages\\move-stdlib" }

[[move.package]]
name = "Sui"
source = { git = "https://github.com/MystenLabs/sui.git", rev = "framework/testnet", subdir = "crates/sui-framework/packages/sui-framework" }

dependencies = [
  { name = "MoveStdlib" },
]

[move.toolchain-version]
compiler-version = "1.27.2"
edition = "2024.beta"
flavor = "sui"

[env]

[env.testnet]
chain-id = "4c78adac"
original-published-id = "0x6c3d18896fb51b7f1153756f365777e3e4b58accf1f6a4316f441d908f151ebc"
latest-published-id = "0x6c3d18896fb51b7f1153756f365777e3e4b58accf1f6a4316f441d908f151ebc"
published-version = "1"
