# @generated by Move, please check-in and do not edit manually.

[move]
version = 2
manifest_digest = "FE1A337D3C28B0E55D824970FA0549F0B5B0986E4FFFF17F95C44D36C4FB9760"
deps_digest = "3C4103934B1E040BB6B23F1D610B4EF9F2F1166A50A104EADCF77467C004C600"
dependencies = [
  { name = "Sui" },
  { name = "common" },
]

[[move.package]]
name = "MoveStdlib"
source = { git = "https://github.com/MystenLabs/sui.git", rev = "framework/testnet", subdir = "crates\\sui-framework\\packages\\move-stdlib" }

[[move.package]]
name = "Sui"
source = { git = "https://github.com/MystenLabs/sui.git", rev = "framework/testnet", subdir = "crates/sui-framework/packages/sui-framework" }

dependencies = [
  { name = "MoveStdlib" },
]

[[move.package]]
name = "common"
source = { local = "..\\common" }

dependencies = [
  { name = "Sui" },
]

[move.toolchain-version]
compiler-version = "1.27.2"
edition = "2024.beta"
flavor = "sui"

[env]

[env.testnet]
chain-id = "4c78adac"
original-published-id = "0x521524fddf3a50820dcfe5771cfd80a961871c2c8f1b3b2f4a0c97deac48d42a"
latest-published-id = "0x521524fddf3a50820dcfe5771cfd80a961871c2c8f1b3b2f4a0c97deac48d42a"
published-version = "1"
