# @generated by Move, please check-in and do not edit manually.

[move]
version = 2
manifest_digest = "F8BA1B1B7C1984280B6FBA22586BD05B0AF3F8E69BF6E4EA3ABA67ACD9A937E4"
deps_digest = "3C4103934B1E040BB6B23F1D610B4EF9F2F1166A50A104EADCF77467C004C600"
dependencies = [
  { name = "Sui" },
  { name = "common" },
]

[[move.package]]
name = "MoveStdlib"
source = { git = "https://github.com/MystenLabs/sui.git", rev = "framework/testnet", subdir = "crates\\sui-framework\\packages\\move-stdlib" }

[[move.package]]
name = "Sui"
source = { git = "https://github.com/MystenLabs/sui.git", rev = "framework/testnet", subdir = "crates/sui-framework/packages/sui-framework" }

dependencies = [
  { name = "MoveStdlib" },
]

[[move.package]]
name = "common"
source = { local = "..\\common" }

dependencies = [
  { name = "Sui" },
]

[move.toolchain-version]
compiler-version = "1.27.2"
edition = "2024.beta"
flavor = "sui"

[env]

[env.testnet]
chain-id = "4c78adac"
original-published-id = "0x4110f07d18c22c8dde6b1b5fb76a45dd41b19c041f4bda810a753c19e16b0c80"
latest-published-id = "0x4110f07d18c22c8dde6b1b5fb76a45dd41b19c041f4bda810a753c19e16b0c80"
published-version = "1"
