# @generated by Move, please check-in and do not edit manually.

[move]
version = 2
manifest_digest = "9418AF80BE4E79CEF486C1EEF377AF119CD809FBC8337E025176E93C307AC5DF"
deps_digest = "F8BBB0CCB2491CA29A3DF03D6F92277A4F3574266507ACD77214D37ECA3F3082"
dependencies = [
  { name = "Sui" },
]

[[move.package]]
name = "MoveStdlib"
source = { git = "https://github.com/MystenLabs/sui.git", rev = "framework/testnet", subdir = "crates\\sui-framework\\packages\\move-stdlib" }

[[move.package]]
name = "Sui"
source = { git = "https://github.com/MystenLabs/sui.git", rev = "framework/testnet", subdir = "crates/sui-framework/packages/sui-framework" }

dependencies = [
  { name = "MoveStdlib" },
]

[move.toolchain-version]
compiler-version = "1.27.2"
edition = "2024.beta"
flavor = "sui"

[env]

[env.testnet]
chain-id = "4c78adac"
original-published-id = "0xdec64b6e9bd329f87728c02a125664b3453dad6681c48b4305dc8438b98296cd"
latest-published-id = "0xdec64b6e9bd329f87728c02a125664b3453dad6681c48b4305dc8438b98296cd"
published-version = "1"
