# @generated by Move, please check-in and do not edit manually.

[move]
version = 2
manifest_digest = "F479C48D91CC407754922351077815CDB693812619C4C4495F45B72592AC0536"
deps_digest = "F8BBB0CCB2491CA29A3DF03D6F92277A4F3574266507ACD77214D37ECA3F3082"
dependencies = [
  { name = "Sui" },
]

[[move.package]]
name = "MoveStdlib"
source = { git = "https://github.com/MystenLabs/sui.git", rev = "framework/testnet", subdir = "crates\\sui-framework\\packages\\move-stdlib" }

[[move.package]]
name = "Sui"
source = { git = "https://github.com/MystenLabs/sui.git", rev = "framework/testnet", subdir = "crates/sui-framework/packages/sui-framework" }

dependencies = [
  { name = "MoveStdlib" },
]

[move.toolchain-version]
compiler-version = "1.27.2"
edition = "2024.beta"
flavor = "sui"

[env]

[env.testnet]
chain-id = "4c78adac"
original-published-id = "0xe11bc6aeb507d4e2e8aa5ffee869300611efc4a32fe8d6b0bfdc2bab7dc0d36c"
latest-published-id = "0xe11bc6aeb507d4e2e8aa5ffee869300611efc4a32fe8d6b0bfdc2bab7dc0d36c"
published-version = "1"
