# @generated by Move, please check-in and do not edit manually.

[move]
version = 2
manifest_digest = "2703BBC0EF9C3F8A022932B4898F488DEF46E2DD5F3096856239F23C25B3F375"
deps_digest = "F8BBB0CCB2491CA29A3DF03D6F92277A4F3574266507ACD77214D37ECA3F3082"
dependencies = [
  { name = "Sui" },
]

[[move.package]]
name = "MoveStdlib"
source = { git = "https://github.com/MystenLabs/sui.git", rev = "framework/testnet", subdir = "crates\\sui-framework\\packages\\move-stdlib" }

[[move.package]]
name = "Sui"
source = { git = "https://github.com/MystenLabs/sui.git", rev = "framework/testnet", subdir = "crates/sui-framework/packages/sui-framework" }

dependencies = [
  { name = "MoveStdlib" },
]

[move.toolchain-version]
compiler-version = "1.26.2"
edition = "2024.beta"
flavor = "sui"

[env]

[env.testnet]
chain-id = "4c78adac"
original-published-id = "0x9b316d99172ad9590d2a355335dcbdcc2f3307b1a3475266a35a865eb85e9188"
latest-published-id = "0x9b316d99172ad9590d2a355335dcbdcc2f3307b1a3475266a35a865eb85e9188"
published-version = "1"
